
Microsoft Visual Studio Solution File, Format Version 12.00
# Visual Studio Version 16
VisualStudioVersion = 16.0.30225.117
MinimumVisualStudioVersion = 10.0.40219.1
Project("{9A19103F-16F7-4668-BE54-9A1E7A4F7556}") = "TesteLogin", "TesteLogin\TesteLogin.csproj", "{928437A7-6935-4CF3-AE12-74D9EA865801}"
EndProject
Project("{FAE04EC0-301F-11D3-BF4B-00C04F79EFBC}") = "TesteLogin.Application", "TesteLogin.Application\TesteLogin.Application.csproj", "{A139C0B2-0E5E-4F90-8B0E-0F5DD9C59D20}"
EndProject
Project("{FAE04EC0-301F-11D3-BF4B-00C04F79EFBC}") = "TesteLogin.Domain", "TesteLogin.Domain\TesteLogin.Domain.csproj", "{757CB262-45F8-4F42-9C35-01721E81B02B}"
EndProject
Project("{FAE04EC0-301F-11D3-BF4B-00C04F79EFBC}") = "TesteLogin.Infrastructure", "TesteLogin.Infrastructure\TesteLogin.Infrastructure.csproj", "{7902B218-CAF9-4B51-B332-2B3CEA7F84A2}"
EndProject
Global
	GlobalSection(SolutionConfigurationPlatforms) = preSolution
		Debug|Any CPU = Debug|Any CPU
		Release|Any CPU = Release|Any CPU
	EndGlobalSection
	GlobalSection(ProjectConfigurationPlatforms) = postSolution
		{928437A7-6935-4CF3-AE12-74D9EA865801}.Debug|Any CPU.ActiveCfg = Debug|Any CPU
		{928437A7-6935-4CF3-AE12-74D9EA865801}.Debug|Any CPU.Build.0 = Debug|Any CPU
		{928437A7-6935-4CF3-AE12-74D9EA865801}.Release|Any CPU.ActiveCfg = Release|Any CPU
		{928437A7-6935-4CF3-AE12-74D9EA865801}.Release|Any CPU.Build.0 = Release|Any CPU
		{A139C0B2-0E5E-4F90-8B0E-0F5DD9C59D20}.Debug|Any CPU.ActiveCfg = Debug|Any CPU
		{A139C0B2-0E5E-4F90-8B0E-0F5DD9C59D20}.Debug|Any CPU.Build.0 = Debug|Any CPU
		{A139C0B2-0E5E-4F90-8B0E-0F5DD9C59D20}.Release|Any CPU.ActiveCfg = Release|Any CPU
		{A139C0B2-0E5E-4F90-8B0E-0F5DD9C59D20}.Release|Any CPU.Build.0 = Release|Any CPU
		{757CB262-45F8-4F42-9C35-01721E81B02B}.Debug|Any CPU.ActiveCfg = Debug|Any CPU
		{757CB262-45F8-4F42-9C35-01721E81B02B}.Debug|Any CPU.Build.0 = Debug|Any CPU
		{757CB262-45F8-4F42-9C35-01721E81B02B}.Release|Any CPU.ActiveCfg = Release|Any CPU
		{757CB262-45F8-4F42-9C35-01721E81B02B}.Release|Any CPU.Build.0 = Release|Any CPU
		{7902B218-CAF9-4B51-B332-2B3CEA7F84A2}.Debug|Any CPU.ActiveCfg = Debug|Any CPU
		{7902B218-CAF9-4B51-B332-2B3CEA7F84A2}.Debug|Any CPU.Build.0 = Debug|Any CPU
		{7902B218-CAF9-4B51-B332-2B3CEA7F84A2}.Release|Any CPU.ActiveCfg = Release|Any CPU
		{7902B218-CAF9-4B51-B332-2B3CEA7F84A2}.Release|Any CPU.Build.0 = Release|Any CPU
	EndGlobalSection
	GlobalSection(SolutionProperties) = preSolution
		HideSolutionNode = FALSE
	EndGlobalSection
	GlobalSection(ExtensibilityGlobals) = postSolution
		SolutionGuid = {6F905E14-BBD2-4469-8D4F-6BE716D39AF7}
	EndGlobalSection
EndGlobal
